
Microsoft Visual Studio Solution File, Format Version 12.00
Project("{FAE04EC0-301F-11D3-BF4B-00C04F79EFBC}") = "Presentation", "Presentation\Presentation.csproj", "{79E12303-ABFD-40CB-9E7E-3D4E4EF79A82}"
EndProject
Project("{FAE04EC0-301F-11D3-BF4B-00C04F79EFBC}") = "Business", "Business\Business.csproj", "{025796E2-9B8E-49A5-81BD-FDF346CDB36E}"
EndProject
Project("{FAE04EC0-301F-11D3-BF4B-00C04F79EFBC}") = "Models", "Models\Models.csproj", "{3CF18D6E-33AD-434E-A656-CDB3858C2477}"
EndProject
Project("{FAE04EC0-301F-11D3-BF4B-00C04F79EFBC}") = "_Data", "_Data\_Data.csproj", "{29628509-C6F0-47E3-83BB-3A9F95FB9BD2}"
EndProject
Project("{FAE04EC0-301F-11D3-BF4B-00C04F79EFBC}") = "KaffeShopAPIBackendTest", "KaffeShopAPIBackendTest\KaffeShopAPIBackendTest.csproj", "{39EFFC57-3379-4EEB-BB8E-E21290F83044}"
EndProject
Global
	GlobalSection(SolutionConfigurationPlatforms) = preSolution
		Debug|Any CPU = Debug|Any CPU
		Release|Any CPU = Release|Any CPU
	EndGlobalSection
	GlobalSection(ProjectConfigurationPlatforms) = postSolution
		{79E12303-ABFD-40CB-9E7E-3D4E4EF79A82}.Debug|Any CPU.ActiveCfg = Debug|Any CPU
		{79E12303-ABFD-40CB-9E7E-3D4E4EF79A82}.Debug|Any CPU.Build.0 = Debug|Any CPU
		{79E12303-ABFD-40CB-9E7E-3D4E4EF79A82}.Release|Any CPU.ActiveCfg = Release|Any CPU
		{79E12303-ABFD-40CB-9E7E-3D4E4EF79A82}.Release|Any CPU.Build.0 = Release|Any CPU
		{025796E2-9B8E-49A5-81BD-FDF346CDB36E}.Debug|Any CPU.ActiveCfg = Debug|Any CPU
		{025796E2-9B8E-49A5-81BD-FDF346CDB36E}.Debug|Any CPU.Build.0 = Debug|Any CPU
		{025796E2-9B8E-49A5-81BD-FDF346CDB36E}.Release|Any CPU.ActiveCfg = Release|Any CPU
		{025796E2-9B8E-49A5-81BD-FDF346CDB36E}.Release|Any CPU.Build.0 = Release|Any CPU
		{3CF18D6E-33AD-434E-A656-CDB3858C2477}.Debug|Any CPU.ActiveCfg = Debug|Any CPU
		{3CF18D6E-33AD-434E-A656-CDB3858C2477}.Debug|Any CPU.Build.0 = Debug|Any CPU
		{3CF18D6E-33AD-434E-A656-CDB3858C2477}.Release|Any CPU.ActiveCfg = Release|Any CPU
		{3CF18D6E-33AD-434E-A656-CDB3858C2477}.Release|Any CPU.Build.0 = Release|Any CPU
		{29628509-C6F0-47E3-83BB-3A9F95FB9BD2}.Debug|Any CPU.ActiveCfg = Debug|Any CPU
		{29628509-C6F0-47E3-83BB-3A9F95FB9BD2}.Debug|Any CPU.Build.0 = Debug|Any CPU
		{29628509-C6F0-47E3-83BB-3A9F95FB9BD2}.Release|Any CPU.ActiveCfg = Release|Any CPU
		{29628509-C6F0-47E3-83BB-3A9F95FB9BD2}.Release|Any CPU.Build.0 = Release|Any CPU
		{39EFFC57-3379-4EEB-BB8E-E21290F83044}.Debug|Any CPU.ActiveCfg = Debug|Any CPU
		{39EFFC57-3379-4EEB-BB8E-E21290F83044}.Debug|Any CPU.Build.0 = Debug|Any CPU
		{39EFFC57-3379-4EEB-BB8E-E21290F83044}.Release|Any CPU.ActiveCfg = Release|Any CPU
		{39EFFC57-3379-4EEB-BB8E-E21290F83044}.Release|Any CPU.Build.0 = Release|Any CPU
	EndGlobalSection
EndGlobal
